
Microsoft Visual Studio Solution File, Format Version 12.00
# Visual Studio Version 16
VisualStudioVersion = 16.0.29509.3
MinimumVisualStudioVersion = 10.0.40219.1
Project("{8BC9CEB8-8B4A-11D0-8D11-00A0C91BC942}") = "liquid", "..\liquid\vs19\liquid.vcxproj", "{29952DB3-09F2-4D6A-B784-D82CD89548B8}"
EndProject
Project("{8BC9CEB8-8B4A-11D0-8D11-00A0C91BC942}") = "test", "..\test\vs19\test.vcxproj", "{259546E2-855D-41B5-B078-AF7E2D980ED1}"
EndProject
Global
	GlobalSection(SolutionConfigurationPlatforms) = preSolution
		Debug|ARM = Debug|ARM
		Debug|ARM64 = Debug|ARM64
		Debug|x64 = Debug|x64
		Debug|x86 = Debug|x86
		Release|ARM = Release|ARM
		Release|ARM64 = Release|ARM64
		Release|x64 = Release|x64
		Release|x86 = Release|x86
	EndGlobalSection
	GlobalSection(ProjectConfigurationPlatforms) = postSolution
		{29952DB3-09F2-4D6A-B784-D82CD89548B8}.Debug|ARM.ActiveCfg = Debug|Win32
		{29952DB3-09F2-4D6A-B784-D82CD89548B8}.Debug|ARM64.ActiveCfg = Debug|Win32
		{29952DB3-09F2-4D6A-B784-D82CD89548B8}.Debug|x64.ActiveCfg = Debug|x64
		{29952DB3-09F2-4D6A-B784-D82CD89548B8}.Debug|x64.Build.0 = Debug|x64
		{29952DB3-09F2-4D6A-B784-D82CD89548B8}.Debug|x86.ActiveCfg = Debug|Win32
		{29952DB3-09F2-4D6A-B784-D82CD89548B8}.Debug|x86.Build.0 = Debug|Win32
		{29952DB3-09F2-4D6A-B784-D82CD89548B8}.Release|ARM.ActiveCfg = Release|Win32
		{29952DB3-09F2-4D6A-B784-D82CD89548B8}.Release|ARM64.ActiveCfg = Release|Win32
		{29952DB3-09F2-4D6A-B784-D82CD89548B8}.Release|x64.ActiveCfg = Release|x64
		{29952DB3-09F2-4D6A-B784-D82CD89548B8}.Release|x64.Build.0 = Release|x64
		{29952DB3-09F2-4D6A-B784-D82CD89548B8}.Release|x86.ActiveCfg = Release|Win32
		{29952DB3-09F2-4D6A-B784-D82CD89548B8}.Release|x86.Build.0 = Release|Win32
		{259546E2-855D-41B5-B078-AF7E2D980ED1}.Debug|ARM.ActiveCfg = Debug|Win32
		{259546E2-855D-41B5-B078-AF7E2D980ED1}.Debug|ARM64.ActiveCfg = Debug|Win32
		{259546E2-855D-41B5-B078-AF7E2D980ED1}.Debug|x64.ActiveCfg = Debug|x64
		{259546E2-855D-41B5-B078-AF7E2D980ED1}.Debug|x64.Build.0 = Debug|x64
		{259546E2-855D-41B5-B078-AF7E2D980ED1}.Debug|x86.ActiveCfg = Debug|Win32
		{259546E2-855D-41B5-B078-AF7E2D980ED1}.Debug|x86.Build.0 = Debug|Win32
		{259546E2-855D-41B5-B078-AF7E2D980ED1}.Release|ARM.ActiveCfg = Release|Win32
		{259546E2-855D-41B5-B078-AF7E2D980ED1}.Release|ARM64.ActiveCfg = Release|Win32
		{259546E2-855D-41B5-B078-AF7E2D980ED1}.Release|x64.ActiveCfg = Release|x64
		{259546E2-855D-41B5-B078-AF7E2D980ED1}.Release|x64.Build.0 = Release|x64
		{259546E2-855D-41B5-B078-AF7E2D980ED1}.Release|x86.ActiveCfg = Release|Win32
		{259546E2-855D-41B5-B078-AF7E2D980ED1}.Release|x86.Build.0 = Release|Win32
	EndGlobalSection
	GlobalSection(SolutionProperties) = preSolution
		HideSolutionNode = FALSE
	EndGlobalSection
	GlobalSection(ExtensibilityGlobals) = postSolution
		SolutionGuid = {B40C5B45-D986-4D69-B931-BFC65F2A25FE}
	EndGlobalSection
EndGlobal
