<?xml version="1.0" encoding="utf-8"?>
<Project ToolsVersion="4.0" xmlns="http://schemas.microsoft.com/developer/msbuild/2003">
  <ItemGroup>
    <Filter Include="private">
      <UniqueIdentifier>{e19df111-cab5-48ba-93aa-4a63504f23e8}</UniqueIdentifier>
    </Filter>
    <Filter Include="private\operators">
      <UniqueIdentifier>{5c22c8b1-28a1-46d1-a9fc-e22926054fa6}</UniqueIdentifier>
    </Filter>
    <Filter Include="private\tests">
      <UniqueIdentifier>{e182cde7-c353-48ca-a767-b4a5eed2f554}</UniqueIdentifier>
    </Filter>
    <Filter Include="public">
      <UniqueIdentifier>{6a2edab1-11f5-4cef-91d7-f028bc019cc3}</UniqueIdentifier>
    </Filter>
    <Filter Include="private\miu6">
      <UniqueIdentifier>{1e0099fb-1e00-4f60-bbd1-b18aca0a0015}</UniqueIdentifier>
    </Filter>
  </ItemGroup>
  <ItemGroup>
    <ClInclude Include="..\private\tensor_value.h">
      <Filter>private</Filter>
    </ClInclude>
    <ClInclude Include="..\private\shared_array.h">
      <Filter>private</Filter>
    </ClInclude>
    <ClInclude Include="..\private\expression.h">
      <Filter>private</Filter>
    </ClInclude>
    <ClInclude Include="..\private\tensor_type.h">
      <Filter>private</Filter>
    </ClInclude>
    <ClInclude Include="..\private\operator.h">
      <Filter>private</Filter>
    </ClInclude>
    <ClInclude Include="..\private\indices.h">
      <Filter>private</Filter>
    </ClInclude>
    <ClInclude Include="..\public\liquid\liquid_common.h">
      <Filter>public</Filter>
    </ClInclude>
    <ClInclude Include="..\public\liquid\pointer_iterator.h">
      <Filter>public</Filter>
    </ClInclude>
    <ClInclude Include="..\public\liquid\span.h">
      <Filter>public</Filter>
    </ClInclude>
    <ClInclude Include="..\public\liquid\tensor.h">
      <Filter>public</Filter>
    </ClInclude>
    <ClInclude Include="..\private\fixed_shape.h">
      <Filter>private</Filter>
    </ClInclude>
    <ClInclude Include="..\private\miu6\lexer.h">
      <Filter>private\miu6</Filter>
    </ClInclude>
    <ClInclude Include="..\private\miu6\parser.h">
      <Filter>private\miu6</Filter>
    </ClInclude>
    <ClInclude Include="..\private\private_common.h">
      <Filter>private</Filter>
    </ClInclude>
    <ClInclude Include="..\private\tensor_initializer.h">
      <Filter>private</Filter>
    </ClInclude>
    <ClInclude Include="..\private\book.h">
      <Filter>private</Filter>
    </ClInclude>
    <ClInclude Include="..\private\scope.h">
      <Filter>private</Filter>
    </ClInclude>
    <ClInclude Include="..\private\substitute_by_predicate.h">
      <Filter>private</Filter>
    </ClInclude>
    <ClInclude Include="..\private\hash.h">
      <Filter>private</Filter>
    </ClInclude>
    <ClInclude Include="..\private\miu6\alphabet.h">
      <Filter>private\miu6</Filter>
    </ClInclude>
  </ItemGroup>
  <ItemGroup>
    <ClCompile Include="..\private\tensor_value.cpp">
      <Filter>private</Filter>
    </ClCompile>
    <ClCompile Include="..\private\expression.cpp">
      <Filter>private</Filter>
    </ClCompile>
    <ClCompile Include="..\private\tensor_type.cpp">
      <Filter>private</Filter>
    </ClCompile>
    <ClCompile Include="..\private\operator.cpp">
      <Filter>private</Filter>
    </ClCompile>
    <ClCompile Include="..\private\operators\add.cpp">
      <Filter>private\operators</Filter>
    </ClCompile>
    <ClCompile Include="..\private\indices.cpp">
      <Filter>private</Filter>
    </ClCompile>
    <ClCompile Include="..\private\tests\tests.cpp">
      <Filter>private\tests</Filter>
    </ClCompile>
    <ClCompile Include="..\private\tests\test_indices.cpp">
      <Filter>private\tests</Filter>
    </ClCompile>
    <ClCompile Include="..\private\tests\test_scalar_type.cpp">
      <Filter>private\tests</Filter>
    </ClCompile>
    <ClCompile Include="..\private\operators\if.cpp">
      <Filter>private\operators</Filter>
    </ClCompile>
    <ClCompile Include="..\private\operators\equal.cpp">
      <Filter>private\operators</Filter>
    </ClCompile>
    <ClCompile Include="..\private\tensor.cpp">
      <Filter>private</Filter>
    </ClCompile>
    <ClCompile Include="..\private\operators\constant.cpp">
      <Filter>private\operators</Filter>
    </ClCompile>
    <ClCompile Include="..\private\operators\variable.cpp">
      <Filter>private\operators</Filter>
    </ClCompile>
    <ClCompile Include="..\private\tests\test_tensor.cpp">
      <Filter>private\tests</Filter>
    </ClCompile>
    <ClCompile Include="..\private\operators\cast.cpp">
      <Filter>private\operators</Filter>
    </ClCompile>
    <ClCompile Include="..\private\liquid_common.cpp">
      <Filter>private</Filter>
    </ClCompile>
    <ClCompile Include="..\private\tensor_initializer.cpp">
      <Filter>private</Filter>
    </ClCompile>
    <ClCompile Include="..\private\operators\shape.cpp">
      <Filter>private\operators</Filter>
    </ClCompile>
    <ClCompile Include="..\private\fixed_shape.cpp">
      <Filter>private</Filter>
    </ClCompile>
    <ClCompile Include="..\private\operators\rank.cpp">
      <Filter>private\operators</Filter>
    </ClCompile>
    <ClCompile Include="..\private\operators\mul.cpp">
      <Filter>private\operators</Filter>
    </ClCompile>
    <ClCompile Include="..\private\operators\and.cpp">
      <Filter>private\operators</Filter>
    </ClCompile>
    <ClCompile Include="..\private\operators\or.cpp">
      <Filter>private\operators</Filter>
    </ClCompile>
    <ClCompile Include="..\private\operators\not.cpp">
      <Filter>private\operators</Filter>
    </ClCompile>
    <ClCompile Include="..\private\operators\less.cpp">
      <Filter>private\operators</Filter>
    </ClCompile>
    <ClCompile Include="..\private\tests\test_if.cpp">
      <Filter>private\tests</Filter>
    </ClCompile>
    <ClCompile Include="..\private\operators\pow.cpp">
      <Filter>private\operators</Filter>
    </ClCompile>
    <ClCompile Include="..\private\operators\log.cpp">
      <Filter>private\operators</Filter>
    </ClCompile>
    <ClCompile Include="..\private\operators\stack.cpp">
      <Filter>private\operators</Filter>
    </ClCompile>
    <ClCompile Include="..\private\miu6\lexer.cpp">
      <Filter>private\miu6</Filter>
    </ClCompile>
    <ClCompile Include="..\private\tests\test_miu6.cpp">
      <Filter>private\tests</Filter>
    </ClCompile>
    <ClCompile Include="..\private\miu6\parser.cpp">
      <Filter>private\miu6</Filter>
    </ClCompile>
    <ClCompile Include="..\private\operators\exp.cpp">
      <Filter>private\operators</Filter>
    </ClCompile>
    <ClCompile Include="..\private\book.cpp">
      <Filter>private</Filter>
    </ClCompile>
    <ClCompile Include="..\private\tests\test_shape.cpp">
      <Filter>private\tests</Filter>
    </ClCompile>
    <ClCompile Include="..\private\tests\test_add.cpp">
      <Filter>private\tests</Filter>
    </ClCompile>
    <ClCompile Include="..\private\scope.cpp">
      <Filter>private</Filter>
    </ClCompile>
    <ClCompile Include="..\private\tests\test_substitute.cpp">
      <Filter>private\tests</Filter>
    </ClCompile>
    <ClCompile Include="..\private\tests\test_hash.cpp">
      <Filter>private\tests</Filter>
    </ClCompile>
    <ClCompile Include="..\private\operators\is.cpp">
      <Filter>private\operators</Filter>
    </ClCompile>
    <ClCompile Include="..\private\tests\test_is.cpp">
      <Filter>private\tests</Filter>
    </ClCompile>
    <ClCompile Include="..\private\tests\test_pow.cpp">
      <Filter>private\tests</Filter>
    </ClCompile>
    <ClCompile Include="..\private\operators\sin.cpp">
      <Filter>private\operators</Filter>
    </ClCompile>
    <ClCompile Include="..\private\operators\cos.cpp">
      <Filter>private\operators</Filter>
    </ClCompile>
  </ItemGroup>
  <ItemGroup>
    <Natvis Include="NatvisFile.natvis" />
  </ItemGroup>
</Project>